# THIS IS AN AUTOGENERATED FILE. DO NOT EDIT THIS FILE DIRECTLY.
# yarn lockfile v1


"@babel/code-frame@^7.0.0", "@babel/code-frame@^7.14.5":
  version "7.14.5"
  resolved "https://registry.yarnpkg.com/@babel/code-frame/-/code-frame-7.14.5.tgz#23b08d740e83f49c5e59945fbf1b43e80bbf4edb"
  integrity sha512-9pzDqyc6OLDaqe+zbACgFkb6fKMNG6CObKpnYXChRsvYGyEdc7CA2BaqeOM+vOtCS5ndmJicPJhKAwYRI6UfFw==
  dependencies:
    "@babel/highlight" "^7.14.5"

"@babel/compat-data@^7.13.11", "@babel/compat-data@^7.14.5", "@babel/compat-data@^7.14.7":
  version "7.14.7"
  resolved "https://registry.yarnpkg.com/@babel/compat-data/-/compat-data-7.14.7.tgz#7b047d7a3a89a67d2258dc61f604f098f1bc7e08"
  integrity sha512-nS6dZaISCXJ3+518CWiBfEr//gHyMO02uDxBkXTKZDN5POruCnOZ1N4YBRZDCabwF8nZMWBpRxIicmXtBs+fvw==

"@babel/core@^7.7.2":
  version "7.14.6"
  resolved "https://registry.yarnpkg.com/@babel/core/-/core-7.14.6.tgz#e0814ec1a950032ff16c13a2721